// !$*UTF8*$!
{
	archiveVersion = 1;
	classes = {
	};
	objectVersion = 77;
	objects = {

/* Begin PBXBuildFile section */
		4E52FABF2E890C2C00EB3EBB /* .gitignore in Resources */ = {isa = PBXBuildFile; fileRef = 4E52FABE2E890C2C00EB3EBB /* .gitignore */; };
		4E52FB6A2E8911C000EB3EBB /* RxCocoa in Frameworks */ = {isa = PBXBuildFile; productRef = 4E52FB692E8911C000EB3EBB /* RxCocoa */; };
		4E52FB6C2E8911C000EB3EBB /* RxSwift in Frameworks */ = {isa = PBXBuildFile; productRef = 4E52FB6B2E8911C000EB3EBB /* RxSwift */; };
		4E52FB6F2E89123E00EB3EBB /* Alamofire in Frameworks */ = {isa = PBXBuildFile; productRef = 4E52FB6E2E89123E00EB3EBB /* Alamofire */; };
		4E52FB722E89124F00EB3EBB /* XMLCoder in Frameworks */ = {isa = PBXBuildFile; productRef = 4E52FB712E89124F00EB3EBB /* XMLCoder */; };
		4E52FB752E89126700EB3EBB /* SnapKit in Frameworks */ = {isa = PBXBuildFile; productRef = 4E52FB742E89126700EB3EBB /* SnapKit */; };
		4E52FB782E8912CA00EB3EBB /* Kingfisher in Frameworks */ = {isa = PBXBuildFile; productRef = 4E52FB772E8912CA00EB3EBB /* Kingfisher */; };
		4E52FE542E8ADC7800EB3EBB /* Wisp in Frameworks */ = {isa = PBXBuildFile; productRef = 4E52FE532E8ADC7800EB3EBB /* Wisp */; };
		4EF7EB5F2E913F2400B5E5B6 /* RealmSwift in Frameworks */ = {isa = PBXBuildFile; productRef = 4EF7EB5E2E913F2400B5E5B6 /* RealmSwift */; };
		4EF7EB602E913F7E00B5E5B6 /* RealmSwift in Embed Frameworks */ = {isa = PBXBuildFile; productRef = 4EF7EB5E2E913F2400B5E5B6 /* RealmSwift */; settings = {ATTRIBUTES = (CodeSignOnCopy, ); }; };
/* End PBXBuildFile section */

/* Begin PBXContainerItemProxy section */
		4E52FAA12E890BF100EB3EBB /* PBXContainerItemProxy */ = {
			isa = PBXContainerItemProxy;
			containerPortal = 4E52FA822E890BEF00EB3EBB /* Project object */;
			proxyType = 1;
			remoteGlobalIDString = 4E52FA892E890BEF00EB3EBB;
			remoteInfo = Muyeon;
		};
		4E52FAAB2E890BF100EB3EBB /* PBXContainerItemProxy */ = {
			isa = PBXContainerItemProxy;
			containerPortal = 4E52FA822E890BEF00EB3EBB /* Project object */;
			proxyType = 1;
			remoteGlobalIDString = 4E52FA892E890BEF00EB3EBB;
			remoteInfo = Muyeon;
		};
/* End PBXContainerItemProxy section */

/* Begin PBXCopyFilesBuildPhase section */
		4EF7EB612E913F7E00B5E5B6 /* Embed Frameworks */ = {
			isa = PBXCopyFilesBuildPhase;
			buildActionMask = 2147483647;
			dstPath = "";
			dstSubfolderSpec = 10;
			files = (
				4EF7EB602E913F7E00B5E5B6 /* RealmSwift in Embed Frameworks */,
			);
			name = "Embed Frameworks";
			runOnlyForDeploymentPostprocessing = 0;
		};
/* End PBXCopyFilesBuildPhase section */

/* Begin PBXFileReference section */
		4E52FA8A2E890BEF00EB3EBB /* PerformanceRecord.app */ = {isa = PBXFileReference; explicitFileType = wrapper.application; includeInIndex = 0; path = PerformanceRecord.app; sourceTree = BUILT_PRODUCTS_DIR; };
		4E52FAA02E890BF100EB3EBB /* PerformanceRecordTests.xctest */ = {isa = PBXFileReference; explicitFileType = wrapper.cfbundle; includeInIndex = 0; path = PerformanceRecordTests.xctest; sourceTree = BUILT_PRODUCTS_DIR; };
		4E52FAAA2E890BF100EB3EBB /* PerformanceRecordUITests.xctest */ = {isa = PBXFileReference; explicitFileType = wrapper.cfbundle; includeInIndex = 0; path = PerformanceRecordUITests.xctest; sourceTree = BUILT_PRODUCTS_DIR; };
		4E52FABE2E890C2C00EB3EBB /* .gitignore */ = {isa = PBXFileReference; lastKnownFileType = text; path = .gitignore; sourceTree = "<group>"; };
/* End PBXFileReference section */

/* Begin PBXFileSystemSynchronizedBuildFileExceptionSet section */
		4E12568F2E979AF20097B4F0 /* Exceptions for "PerformanceRecord" folder in "PerformanceRecord" target */ = {
			isa = PBXFileSystemSynchronizedBuildFileExceptionSet;
			membershipExceptions = (
				"Source/Global/Supporting FIles/InfoPlist/Info.plist",
				Source/Test/PerformanceRecordTests/Mock/MockError.swift,
				Source/Test/PerformanceRecordTests/Mock/MockFetchRemotePerformanceDetailUseCase.swift,
				Source/Test/PerformanceRecordTests/Mock/MockFetchRemotePerformanceListUseCase.swift,
				Source/Test/PerformanceRecordTests/Mock/MockTogglePerformanceLikeUseCase.swift,
				Source/Test/PerformanceRecordTests/PerformanceRecordTests.swift,
				Source/Test/PerformanceRecordTests/SearchViewModelTests.swift,
				Source/Test/PerformanceRecordUITests/PerformanceRecordUITests.swift,
				Source/Test/PerformanceRecordUITests/PerformanceRecordUITestsLaunchTests.swift,
			);
			target = 4E52FA892E890BEF00EB3EBB /* PerformanceRecord */;
		};
		4E1256912E979DB80097B4F0 /* Exceptions for "PerformanceRecord" folder in "PerformanceRecordTests" target */ = {
			isa = PBXFileSystemSynchronizedBuildFileExceptionSet;
			membershipExceptions = (
				Source/Test/PerformanceRecordTests/Mock/MockError.swift,
				Source/Test/PerformanceRecordTests/Mock/MockFetchRemotePerformanceDetailUseCase.swift,
				Source/Test/PerformanceRecordTests/Mock/MockFetchRemotePerformanceListUseCase.swift,
				Source/Test/PerformanceRecordTests/Mock/MockTogglePerformanceLikeUseCase.swift,
				Source/Test/PerformanceRecordTests/PerformanceRecordTests.swift,
				Source/Test/PerformanceRecordTests/SearchViewModelTests.swift,
			);
			target = 4E52FA9F2E890BF100EB3EBB /* PerformanceRecordTests */;
		};
		4E1256942E979DC00097B4F0 /* Exceptions for "PerformanceRecord" folder in "PerformanceRecordUITests" target */ = {
			isa = PBXFileSystemSynchronizedBuildFileExceptionSet;
			membershipExceptions = (
				Source/Test/PerformanceRecordUITests/PerformanceRecordUITests.swift,
				Source/Test/PerformanceRecordUITests/PerformanceRecordUITestsLaunchTests.swift,
			);
			target = 4E52FAA92E890BF100EB3EBB /* PerformanceRecordUITests */;
		};
/* End PBXFileSystemSynchronizedBuildFileExceptionSet section */

/* Begin PBXFileSystemSynchronizedRootGroup section */
		4E52FA8C2E890BEF00EB3EBB /* PerformanceRecord */ = {
			isa = PBXFileSystemSynchronizedRootGroup;
			exceptions = (
				4E12568F2E979AF20097B4F0 /* Exceptions for "PerformanceRecord" folder in "PerformanceRecord" target */,
				4E1256912E979DB80097B4F0 /* Exceptions for "PerformanceRecord" folder in "PerformanceRecordTests" target */,
				4E1256942E979DC00097B4F0 /* Exceptions for "PerformanceRecord" folder in "PerformanceRecordUITests" target */,
			);
			path = PerformanceRecord;
			sourceTree = "<group>";
		};
/* End PBXFileSystemSynchronizedRootGroup section */

/* Begin PBXFrameworksBuildPhase section */
		4E52FA872E890BEF00EB3EBB /* Frameworks */ = {
			isa = PBXFrameworksBuildPhase;
			buildActionMask = 2147483647;
			files = (
				4EF7EB5F2E913F2400B5E5B6 /* RealmSwift in Frameworks */,
				4E52FB782E8912CA00EB3EBB /* Kingfisher in Frameworks */,
				4E52FB6F2E89123E00EB3EBB /* Alamofire in Frameworks */,
				4E52FB6C2E8911C000EB3EBB /* RxSwift in Frameworks */,
				4E52FB722E89124F00EB3EBB /* XMLCoder in Frameworks */,
				4E52FB6A2E8911C000EB3EBB /* RxCocoa in Frameworks */,
				4E52FE542E8ADC7800EB3EBB /* Wisp in Frameworks */,
				4E52FB752E89126700EB3EBB /* SnapKit in Frameworks */,
			);
			runOnlyForDeploymentPostprocessing = 0;
		};
		4E52FA9D2E890BF100EB3EBB /* Frameworks */ = {
			isa = PBXFrameworksBuildPhase;
			buildActionMask = 2147483647;
			files = (
			);
			runOnlyForDeploymentPostprocessing = 0;
		};
		4E52FAA72E890BF100EB3EBB /* Frameworks */ = {
			isa = PBXFrameworksBuildPhase;
			buildActionMask = 2147483647;
			files = (
			);
			runOnlyForDeploymentPostprocessing = 0;
		};
/* End PBXFrameworksBuildPhase section */

/* Begin PBXGroup section */
		4E52FA812E890BEF00EB3EBB = {
			isa = PBXGroup;
			children = (
				4E52FABE2E890C2C00EB3EBB /* .gitignore */,
				4E52FA8C2E890BEF00EB3EBB /* PerformanceRecord */,
				4E52FA8B2E890BEF00EB3EBB /* Products */,
			);
			sourceTree = "<group>";
		};
		4E52FA8B2E890BEF00EB3EBB /* Products */ = {
			isa = PBXGroup;
			children = (
				4E52FA8A2E890BEF00EB3EBB /* PerformanceRecord.app */,
				4E52FAA02E890BF100EB3EBB /* PerformanceRecordTests.xctest */,
				4E52FAAA2E890BF100EB3EBB /* PerformanceRecordUITests.xctest */,
			);
			name = Products;
			sourceTree = "<group>";
		};
/* End PBXGroup section */

/* Begin PBXNativeTarget section */
		4E52FA892E890BEF00EB3EBB /* PerformanceRecord */ = {
			isa = PBXNativeTarget;
			buildConfigurationList = 4E52FAB32E890BF100EB3EBB /* Build configuration list for PBXNativeTarget "PerformanceRecord" */;
			buildPhases = (
				4E52FA862E890BEF00EB3EBB /* Sources */,
				4E52FA872E890BEF00EB3EBB /* Frameworks */,
				4E52FA882E890BEF00EB3EBB /* Resources */,
				4EF7EB612E913F7E00B5E5B6 /* Embed Frameworks */,
			);
			buildRules = (
			);
			dependencies = (
			);
			fileSystemSynchronizedGroups = (
				4E52FA8C2E890BEF00EB3EBB /* PerformanceRecord */,
			);
			name = PerformanceRecord;
			packageProductDependencies = (
				4E52FB692E8911C000EB3EBB /* RxCocoa */,
				4E52FB6B2E8911C000EB3EBB /* RxSwift */,
				4E52FB6E2E89123E00EB3EBB /* Alamofire */,
				4E52FB712E89124F00EB3EBB /* XMLCoder */,
				4E52FB742E89126700EB3EBB /* SnapKit */,
				4E52FB772E8912CA00EB3EBB /* Kingfisher */,
				4E52FE532E8ADC7800EB3EBB /* Wisp */,
				4EF7EB5E2E913F2400B5E5B6 /* RealmSwift */,
			);
			productName = Muyeon;
			productReference = 4E52FA8A2E890BEF00EB3EBB /* PerformanceRecord.app */;
			productType = "com.apple.product-type.application";
		};
		4E52FA9F2E890BF100EB3EBB /* PerformanceRecordTests */ = {
			isa = PBXNativeTarget;
			buildConfigurationList = 4E52FAB82E890BF100EB3EBB /* Build configuration list for PBXNativeTarget "PerformanceRecordTests" */;
			buildPhases = (
				4E52FA9C2E890BF100EB3EBB /* Sources */,
				4E52FA9D2E890BF100EB3EBB /* Frameworks */,
				4E52FA9E2E890BF100EB3EBB /* Resources */,
			);
			buildRules = (
			);
			dependencies = (
				4E52FAA22E890BF100EB3EBB /* PBXTargetDependency */,
			);
			name = PerformanceRecordTests;
			packageProductDependencies = (
			);
			productName = MuyeonTests;
			productReference = 4E52FAA02E890BF100EB3EBB /* PerformanceRecordTests.xctest */;
			productType = "com.apple.product-type.bundle.unit-test";
		};
		4E52FAA92E890BF100EB3EBB /* PerformanceRecordUITests */ = {
			isa = PBXNativeTarget;
			buildConfigurationList = 4E52FABB2E890BF100EB3EBB /* Build configuration list for PBXNativeTarget "PerformanceRecordUITests" */;
			buildPhases = (
				4E52FAA62E890BF100EB3EBB /* Sources */,
				4E52FAA72E890BF100EB3EBB /* Frameworks */,
				4E52FAA82E890BF100EB3EBB /* Resources */,
			);
			buildRules = (
			);
			dependencies = (
				4E52FAAC2E890BF100EB3EBB /* PBXTargetDependency */,
			);
			name = PerformanceRecordUITests;
			packageProductDependencies = (
			);
			productName = MuyeonUITests;
			productReference = 4E52FAAA2E890BF100EB3EBB /* PerformanceRecordUITests.xctest */;
			productType = "com.apple.product-type.bundle.ui-testing";
		};
/* End PBXNativeTarget section */

/* Begin PBXProject section */
		4E52FA822E890BEF00EB3EBB /* Project object */ = {
			isa = PBXProject;
			attributes = {
				BuildIndependentTargetsInParallel = 1;
				LastSwiftUpdateCheck = 1640;
				LastUpgradeCheck = 1640;
				TargetAttributes = {
					4E52FA892E890BEF00EB3EBB = {
						CreatedOnToolsVersion = 16.4;
					};
					4E52FA9F2E890BF100EB3EBB = {
						CreatedOnToolsVersion = 16.4;
						TestTargetID = 4E52FA892E890BEF00EB3EBB;
					};
					4E52FAA92E890BF100EB3EBB = {
						CreatedOnToolsVersion = 16.4;
						TestTargetID = 4E52FA892E890BEF00EB3EBB;
					};
				};
			};
			buildConfigurationList = 4E52FA852E890BEF00EB3EBB /* Build configuration list for PBXProject "PerformanceRecord" */;
			developmentRegion = ko;
			hasScannedForEncodings = 0;
			knownRegions = (
				en,
				Base,
				ko,
			);
			mainGroup = 4E52FA812E890BEF00EB3EBB;
			minimizedProjectReferenceProxies = 1;
			packageReferences = (
				4E52FB682E8911C000EB3EBB /* XCRemoteSwiftPackageReference "RxSwift" */,
				4E52FB6D2E89123E00EB3EBB /* XCRemoteSwiftPackageReference "Alamofire" */,
				4E52FB702E89124F00EB3EBB /* XCRemoteSwiftPackageReference "XMLCoder" */,
				4E52FB732E89126700EB3EBB /* XCRemoteSwiftPackageReference "SnapKit" */,
				4E52FB762E8912CA00EB3EBB /* XCRemoteSwiftPackageReference "Kingfisher" */,
				4E52FE522E8ADC7800EB3EBB /* XCLocalSwiftPackageReference "../../../../../Library/Wisp" */,
				4EF7EB5D2E913F2400B5E5B6 /* XCRemoteSwiftPackageReference "realm-swift" */,
			);
			preferredProjectObjectVersion = 77;
			productRefGroup = 4E52FA8B2E890BEF00EB3EBB /* Products */;
			projectDirPath = "";
			projectRoot = "";
			targets = (
				4E52FA892E890BEF00EB3EBB /* PerformanceRecord */,
				4E52FA9F2E890BF100EB3EBB /* PerformanceRecordTests */,
				4E52FAA92E890BF100EB3EBB /* PerformanceRecordUITests */,
			);
		};
/* End PBXProject section */

/* Begin PBXResourcesBuildPhase section */
		4E52FA882E890BEF00EB3EBB /* Resources */ = {
			isa = PBXResourcesBuildPhase;
			buildActionMask = 2147483647;
			files = (
				4E52FABF2E890C2C00EB3EBB /* .gitignore in Resources */,
			);
			runOnlyForDeploymentPostprocessing = 0;
		};
		4E52FA9E2E890BF100EB3EBB /* Resources */ = {
			isa = PBXResourcesBuildPhase;
			buildActionMask = 2147483647;
			files = (
			);
			runOnlyForDeploymentPostprocessing = 0;
		};
		4E52FAA82E890BF100EB3EBB /* Resources */ = {
			isa = PBXResourcesBuildPhase;
			buildActionMask = 2147483647;
			files = (
			);
			runOnlyForDeploymentPostprocessing = 0;
		};
/* End PBXResourcesBuildPhase section */

/* Begin PBXSourcesBuildPhase section */
		4E52FA862E890BEF00EB3EBB /* Sources */ = {
			isa = PBXSourcesBuildPhase;
			buildActionMask = 2147483647;
			files = (
			);
			runOnlyForDeploymentPostprocessing = 0;
		};
		4E52FA9C2E890BF100EB3EBB /* Sources */ = {
			isa = PBXSourcesBuildPhase;
			buildActionMask = 2147483647;
			files = (
			);
			runOnlyForDeploymentPostprocessing = 0;
		};
		4E52FAA62E890BF100EB3EBB /* Sources */ = {
			isa = PBXSourcesBuildPhase;
			buildActionMask = 2147483647;
			files = (
			);
			runOnlyForDeploymentPostprocessing = 0;
		};
/* End PBXSourcesBuildPhase section */

/* Begin PBXTargetDependency section */
		4E52FAA22E890BF100EB3EBB /* PBXTargetDependency */ = {
			isa = PBXTargetDependency;
			target = 4E52FA892E890BEF00EB3EBB /* PerformanceRecord */;
			targetProxy = 4E52FAA12E890BF100EB3EBB /* PBXContainerItemProxy */;
		};
		4E52FAAC2E890BF100EB3EBB /* PBXTargetDependency */ = {
			isa = PBXTargetDependency;
			target = 4E52FA892E890BEF00EB3EBB /* PerformanceRecord */;
			targetProxy = 4E52FAAB2E890BF100EB3EBB /* PBXContainerItemProxy */;
		};
/* End PBXTargetDependency section */

/* Begin XCBuildConfiguration section */
		4E52FAB42E890BF100EB3EBB /* Debug */ = {
			isa = XCBuildConfiguration;
			buildSettings = {
				ASSETCATALOG_COMPILER_APPICON_NAME = AppIcon;
				ASSETCATALOG_COMPILER_GLOBAL_ACCENT_COLOR_NAME = AccentColor;
				CODE_SIGN_STYLE = Automatic;
				CURRENT_PROJECT_VERSION = 1;
				DEVELOPMENT_TEAM = 548W892M42;
				GENERATE_INFOPLIST_FILE = YES;
				INFOPLIST_FILE = "PerformanceRecord/Source/Global/Supporting FIles/InfoPlist/Info.plist";
				INFOPLIST_KEY_CFBundleDisplayName = "공기팡";
				INFOPLIST_KEY_LSApplicationCategoryType = "public.app-category.lifestyle";
				INFOPLIST_KEY_UIApplicationSupportsIndirectInputEvents = YES;
				INFOPLIST_KEY_UILaunchStoryboardName = LaunchScreen;
				INFOPLIST_KEY_UISupportedInterfaceOrientations = UIInterfaceOrientationPortrait;
				INFOPLIST_KEY_UISupportedInterfaceOrientations_iPad = "UIInterfaceOrientationLandscapeLeft UIInterfaceOrientationLandscapeRight UIInterfaceOrientationPortrait UIInterfaceOrientationPortraitUpsideDown";
				IPHONEOS_DEPLOYMENT_TARGET = 15.0;
				LD_RUNPATH_SEARCH_PATHS = (
					"$(inherited)",
					"@executable_path/Frameworks",
				);
				MARKETING_VERSION = 1.4.4;
				PRODUCT_BUNDLE_IDENTIFIER = com.minsung.PerformanceRecord;
				PRODUCT_NAME = "$(TARGET_NAME)";
				SUPPORTED_PLATFORMS = "iphoneos iphonesimulator";
				SUPPORTS_MACCATALYST = NO;
				SUPPORTS_MAC_DESIGNED_FOR_IPHONE_IPAD = NO;
				SUPPORTS_XR_DESIGNED_FOR_IPHONE_IPAD = NO;
				SWIFT_EMIT_LOC_STRINGS = YES;
				SWIFT_VERSION = 5.0;
				TARGETED_DEVICE_FAMILY = 1;
			};
			name = Debug;
		};
		4E52FAB52E890BF100EB3EBB /* Release */ = {
			isa = XCBuildConfiguration;
			buildSettings = {
				ASSETCATALOG_COMPILER_APPICON_NAME = AppIcon;
				ASSETCATALOG_COMPILER_GLOBAL_ACCENT_COLOR_NAME = AccentColor;
				CODE_SIGN_STYLE = Automatic;
				CURRENT_PROJECT_VERSION = 1;
				DEVELOPMENT_TEAM = 548W892M42;
				GENERATE_INFOPLIST_FILE = YES;
				INFOPLIST_FILE = "PerformanceRecord/Source/Global/Supporting FIles/InfoPlist/Info.plist";
				INFOPLIST_KEY_CFBundleDisplayName = "공기팡";
				INFOPLIST_KEY_LSApplicationCategoryType = "public.app-category.lifestyle";
				INFOPLIST_KEY_UIApplicationSupportsIndirectInputEvents = YES;
				INFOPLIST_KEY_UILaunchStoryboardName = LaunchScreen;
				INFOPLIST_KEY_UISupportedInterfaceOrientations = UIInterfaceOrientationPortrait;
				INFOPLIST_KEY_UISupportedInterfaceOrientations_iPad = "UIInterfaceOrientationLandscapeLeft UIInterfaceOrientationLandscapeRight UIInterfaceOrientationPortrait UIInterfaceOrientationPortraitUpsideDown";
				IPHONEOS_DEPLOYMENT_TARGET = 15.0;
				LD_RUNPATH_SEARCH_PATHS = (
					"$(inherited)",
					"@executable_path/Frameworks",
				);
				MARKETING_VERSION = 1.4.4;
				PRODUCT_BUNDLE_IDENTIFIER = com.minsung.PerformanceRecord;
				PRODUCT_NAME = "$(TARGET_NAME)";
				SUPPORTED_PLATFORMS = "iphoneos iphonesimulator";
				SUPPORTS_MACCATALYST = NO;
				SUPPORTS_MAC_DESIGNED_FOR_IPHONE_IPAD = NO;
				SUPPORTS_XR_DESIGNED_FOR_IPHONE_IPAD = NO;
				SWIFT_EMIT_LOC_STRINGS = YES;
				SWIFT_VERSION = 5.0;
				TARGETED_DEVICE_FAMILY = 1;
			};
			name = Release;
		};
		4E52FAB62E890BF100EB3EBB /* Debug */ = {
			isa = XCBuildConfiguration;
			baseConfigurationReferenceAnchor = 4E52FA8C2E890BEF00EB3EBB /* PerformanceRecord */;
			baseConfigurationReferenceRelativePath = Secrets.xcconfig;
			buildSettings = {
				ALWAYS_SEARCH_USER_PATHS = NO;
				ASSETCATALOG_COMPILER_GENERATE_SWIFT_ASSET_SYMBOL_EXTENSIONS = YES;
				CLANG_ANALYZER_LOCALIZABILITY_NONLOCALIZED = YES;
				CLANG_ANALYZER_NONNULL = YES;
				CLANG_ANALYZER_NUMBER_OBJECT_CONVERSION = YES_AGGRESSIVE;
				CLANG_CXX_LANGUAGE_STANDARD = "gnu++20";
				CLANG_ENABLE_MODULES = YES;
				CLANG_ENABLE_OBJC_ARC = YES;
				CLANG_ENABLE_OBJC_WEAK = YES;
				CLANG_WARN_BLOCK_CAPTURE_AUTORELEASING = YES;
				CLANG_WARN_BOOL_CONVERSION = YES;
				CLANG_WARN_COMMA = YES;
				CLANG_WARN_CONSTANT_CONVERSION = YES;
				CLANG_WARN_DEPRECATED_OBJC_IMPLEMENTATIONS = YES;
				CLANG_WARN_DIRECT_OBJC_ISA_USAGE = YES_ERROR;
				CLANG_WARN_DOCUMENTATION_COMMENTS = YES;
				CLANG_WARN_EMPTY_BODY = YES;
				CLANG_WARN_ENUM_CONVERSION = YES;
				CLANG_WARN_INFINITE_RECURSION = YES;
				CLANG_WARN_INT_CONVERSION = YES;
				CLANG_WARN_NON_LITERAL_NULL_CONVERSION = YES;
				CLANG_WARN_OBJC_IMPLICIT_RETAIN_SELF = YES;
				CLANG_WARN_OBJC_LITERAL_CONVERSION = YES;
				CLANG_WARN_OBJC_ROOT_CLASS = YES_ERROR;
				CLANG_WARN_QUOTED_INCLUDE_IN_FRAMEWORK_HEADER = YES;
				CLANG_WARN_RANGE_LOOP_ANALYSIS = YES;
				CLANG_WARN_STRICT_PROTOTYPES = YES;
				CLANG_WARN_SUSPICIOUS_MOVE = YES;
				CLANG_WARN_UNGUARDED_AVAILABILITY = YES_AGGRESSIVE;
				CLANG_WARN_UNREACHABLE_CODE = YES;
				CLANG_WARN__DUPLICATE_METHOD_MATCH = YES;
				COPY_PHASE_STRIP = NO;
				DEBUG_INFORMATION_FORMAT = dwarf;
				DEVELOPMENT_TEAM = 548W892M42;
				ENABLE_STRICT_OBJC_MSGSEND = YES;
				ENABLE_TESTABILITY = YES;
				ENABLE_USER_SCRIPT_SANDBOXING = YES;
				GCC_C_LANGUAGE_STANDARD = gnu17;
				GCC_DYNAMIC_NO_PIC = NO;
				GCC_NO_COMMON_BLOCKS = YES;
				GCC_OPTIMIZATION_LEVEL = 0;
				GCC_PREPROCESSOR_DEFINITIONS = (
					"DEBUG=1",
					"$(inherited)",
				);
				GCC_WARN_64_TO_32_BIT_CONVERSION = YES;
				GCC_WARN_ABOUT_RETURN_TYPE = YES_ERROR;
				GCC_WARN_UNDECLARED_SELECTOR = YES;
				GCC_WARN_UNINITIALIZED_AUTOS = YES_AGGRESSIVE;
				GCC_WARN_UNUSED_FUNCTION = YES;
				GCC_WARN_UNUSED_VARIABLE = YES;
				IPHONEOS_DEPLOYMENT_TARGET = 18.5;
				LOCALIZATION_PREFERS_STRING_CATALOGS = YES;
				MTL_ENABLE_DEBUG_INFO = INCLUDE_SOURCE;
				MTL_FAST_MATH = YES;
				ONLY_ACTIVE_ARCH = YES;
				SDKROOT = iphoneos;
				SWIFT_ACTIVE_COMPILATION_CONDITIONS = "DEBUG $(inherited)";
				SWIFT_OPTIMIZATION_LEVEL = "-Onone";
			};
			name = Debug;
		};
		4E52FAB72E890BF100EB3EBB /* Release */ = {
			isa = XCBuildConfiguration;
			baseConfigurationReferenceAnchor = 4E52FA8C2E890BEF00EB3EBB /* PerformanceRecord */;
			baseConfigurationReferenceRelativePath = Secrets.xcconfig;
			buildSettings = {
				ALWAYS_SEARCH_USER_PATHS = NO;
				ASSETCATALOG_COMPILER_GENERATE_SWIFT_ASSET_SYMBOL_EXTENSIONS = YES;
				CLANG_ANALYZER_LOCALIZABILITY_NONLOCALIZED = YES;
				CLANG_ANALYZER_NONNULL = YES;
				CLANG_ANALYZER_NUMBER_OBJECT_CONVERSION = YES_AGGRESSIVE;
				CLANG_CXX_LANGUAGE_STANDARD = "gnu++20";
				CLANG_ENABLE_MODULES = YES;
				CLANG_ENABLE_OBJC_ARC = YES;
				CLANG_ENABLE_OBJC_WEAK = YES;
				CLANG_WARN_BLOCK_CAPTURE_AUTORELEASING = YES;
				CLANG_WARN_BOOL_CONVERSION = YES;
				CLANG_WARN_COMMA = YES;
				CLANG_WARN_CONSTANT_CONVERSION = YES;
				CLANG_WARN_DEPRECATED_OBJC_IMPLEMENTATIONS = YES;
				CLANG_WARN_DIRECT_OBJC_ISA_USAGE = YES_ERROR;
				CLANG_WARN_DOCUMENTATION_COMMENTS = YES;
				CLANG_WARN_EMPTY_BODY = YES;
				CLANG_WARN_ENUM_CONVERSION = YES;
				CLANG_WARN_INFINITE_RECURSION = YES;
				CLANG_WARN_INT_CONVERSION = YES;
				CLANG_WARN_NON_LITERAL_NULL_CONVERSION = YES;
				CLANG_WARN_OBJC_IMPLICIT_RETAIN_SELF = YES;
				CLANG_WARN_OBJC_LITERAL_CONVERSION = YES;
				CLANG_WARN_OBJC_ROOT_CLASS = YES_ERROR;
				CLANG_WARN_QUOTED_INCLUDE_IN_FRAMEWORK_HEADER = YES;
				CLANG_WARN_RANGE_LOOP_ANALYSIS = YES;
				CLANG_WARN_STRICT_PROTOTYPES = YES;
				CLANG_WARN_SUSPICIOUS_MOVE = YES;
				CLANG_WARN_UNGUARDED_AVAILABILITY = YES_AGGRESSIVE;
				CLANG_WARN_UNREACHABLE_CODE = YES;
				CLANG_WARN__DUPLICATE_METHOD_MATCH = YES;
				COPY_PHASE_STRIP = NO;
				DEBUG_INFORMATION_FORMAT = "dwarf-with-dsym";
				DEVELOPMENT_TEAM = 548W892M42;
				ENABLE_NS_ASSERTIONS = NO;
				ENABLE_STRICT_OBJC_MSGSEND = YES;
				ENABLE_USER_SCRIPT_SANDBOXING = YES;
				GCC_C_LANGUAGE_STANDARD = gnu17;
				GCC_NO_COMMON_BLOCKS = YES;
				GCC_WARN_64_TO_32_BIT_CONVERSION = YES;
				GCC_WARN_ABOUT_RETURN_TYPE = YES_ERROR;
				GCC_WARN_UNDECLARED_SELECTOR = YES;
				GCC_WARN_UNINITIALIZED_AUTOS = YES_AGGRESSIVE;
				GCC_WARN_UNUSED_FUNCTION = YES;
				GCC_WARN_UNUSED_VARIABLE = YES;
				IPHONEOS_DEPLOYMENT_TARGET = 18.5;
				LOCALIZATION_PREFERS_STRING_CATALOGS = YES;
				MTL_ENABLE_DEBUG_INFO = NO;
				MTL_FAST_MATH = YES;
				SDKROOT = iphoneos;
				SWIFT_COMPILATION_MODE = wholemodule;
				VALIDATE_PRODUCT = YES;
			};
			name = Release;
		};
		4E52FAB92E890BF100EB3EBB /* Debug */ = {
			isa = XCBuildConfiguration;
			buildSettings = {
				BUNDLE_LOADER = "$(TEST_HOST)";
				CODE_SIGN_STYLE = Automatic;
				CURRENT_PROJECT_VERSION = 1;
				DEVELOPMENT_TEAM = 548W892M42;
				GENERATE_INFOPLIST_FILE = YES;
				IPHONEOS_DEPLOYMENT_TARGET = 18.5;
				MARKETING_VERSION = 1.0;
				PRODUCT_BUNDLE_IDENTIFIER = com.minsung.Muyeon.MuyeonTests;
				PRODUCT_NAME = "$(TARGET_NAME)";
				SWIFT_EMIT_LOC_STRINGS = NO;
				SWIFT_VERSION = 5.0;
				TARGETED_DEVICE_FAMILY = "1,2";
				TEST_HOST = "$(BUILT_PRODUCTS_DIR)/PerformanceRecord.app/$(BUNDLE_EXECUTABLE_FOLDER_PATH)/PerformanceRecord";
			};
			name = Debug;
		};
		4E52FABA2E890BF100EB3EBB /* Release */ = {
			isa = XCBuildConfiguration;
			buildSettings = {
				BUNDLE_LOADER = "$(TEST_HOST)";
				CODE_SIGN_STYLE = Automatic;
				CURRENT_PROJECT_VERSION = 1;
				DEVELOPMENT_TEAM = 548W892M42;
				GENERATE_INFOPLIST_FILE = YES;
				IPHONEOS_DEPLOYMENT_TARGET = 18.5;
				MARKETING_VERSION = 1.0;
				PRODUCT_BUNDLE_IDENTIFIER = com.minsung.Muyeon.MuyeonTests;
				PRODUCT_NAME = "$(TARGET_NAME)";
				SWIFT_EMIT_LOC_STRINGS = NO;
				SWIFT_VERSION = 5.0;
				TARGETED_DEVICE_FAMILY = "1,2";
				TEST_HOST = "$(BUILT_PRODUCTS_DIR)/PerformanceRecord.app/$(BUNDLE_EXECUTABLE_FOLDER_PATH)/PerformanceRecord";
			};
			name = Release;
		};
		4E52FABC2E890BF100EB3EBB /* Debug */ = {
			isa = XCBuildConfiguration;
			buildSettings = {
				CODE_SIGN_STYLE = Automatic;
				CURRENT_PROJECT_VERSION = 1;
				DEVELOPMENT_TEAM = 548W892M42;
				GENERATE_INFOPLIST_FILE = YES;
				MARKETING_VERSION = 1.0;
				PRODUCT_BUNDLE_IDENTIFIER = com.minsung.Muyeon.MuyeonUITests;
				PRODUCT_NAME = "$(TARGET_NAME)";
				SWIFT_EMIT_LOC_STRINGS = NO;
				SWIFT_VERSION = 5.0;
				TARGETED_DEVICE_FAMILY = "1,2";
				TEST_TARGET_NAME = Muyeon;
			};
			name = Debug;
		};
		4E52FABD2E890BF100EB3EBB /* Release */ = {
			isa = XCBuildConfiguration;
			buildSettings = {
				CODE_SIGN_STYLE = Automatic;
				CURRENT_PROJECT_VERSION = 1;
				DEVELOPMENT_TEAM = 548W892M42;
				GENERATE_INFOPLIST_FILE = YES;
				MARKETING_VERSION = 1.0;
				PRODUCT_BUNDLE_IDENTIFIER = com.minsung.Muyeon.MuyeonUITests;
				PRODUCT_NAME = "$(TARGET_NAME)";
				SWIFT_EMIT_LOC_STRINGS = NO;
				SWIFT_VERSION = 5.0;
				TARGETED_DEVICE_FAMILY = "1,2";
				TEST_TARGET_NAME = Muyeon;
			};
			name = Release;
		};
/* End XCBuildConfiguration section */

/* Begin XCConfigurationList section */
		4E52FA852E890BEF00EB3EBB /* Build configuration list for PBXProject "PerformanceRecord" */ = {
			isa = XCConfigurationList;
			buildConfigurations = (
				4E52FAB62E890BF100EB3EBB /* Debug */,
				4E52FAB72E890BF100EB3EBB /* Release */,
			);
			defaultConfigurationIsVisible = 0;
			defaultConfigurationName = Release;
		};
		4E52FAB32E890BF100EB3EBB /* Build configuration list for PBXNativeTarget "PerformanceRecord" */ = {
			isa = XCConfigurationList;
			buildConfigurations = (
				4E52FAB42E890BF100EB3EBB /* Debug */,
				4E52FAB52E890BF100EB3EBB /* Release */,
			);
			defaultConfigurationIsVisible = 0;
			defaultConfigurationName = Release;
		};
		4E52FAB82E890BF100EB3EBB /* Build configuration list for PBXNativeTarget "PerformanceRecordTests" */ = {
			isa = XCConfigurationList;
			buildConfigurations = (
				4E52FAB92E890BF100EB3EBB /* Debug */,
				4E52FABA2E890BF100EB3EBB /* Release */,
			);
			defaultConfigurationIsVisible = 0;
			defaultConfigurationName = Release;
		};
		4E52FABB2E890BF100EB3EBB /* Build configuration list for PBXNativeTarget "PerformanceRecordUITests" */ = {
			isa = XCConfigurationList;
			buildConfigurations = (
				4E52FABC2E890BF100EB3EBB /* Debug */,
				4E52FABD2E890BF100EB3EBB /* Release */,
			);
			defaultConfigurationIsVisible = 0;
			defaultConfigurationName = Release;
		};
/* End XCConfigurationList section */

/* Begin XCLocalSwiftPackageReference section */
		4E52FE522E8ADC7800EB3EBB /* XCLocalSwiftPackageReference "../../../../../Library/Wisp" */ = {
			isa = XCLocalSwiftPackageReference;
			relativePath = ../../../../../Library/Wisp;
		};
/* End XCLocalSwiftPackageReference section */

/* Begin XCRemoteSwiftPackageReference section */
		4E52FB682E8911C000EB3EBB /* XCRemoteSwiftPackageReference "RxSwift" */ = {
			isa = XCRemoteSwiftPackageReference;
			repositoryURL = "https://github.com/ReactiveX/RxSwift.git";
			requirement = {
				kind = upToNextMajorVersion;
				minimumVersion = 6.9.0;
			};
		};
		4E52FB6D2E89123E00EB3EBB /* XCRemoteSwiftPackageReference "Alamofire" */ = {
			isa = XCRemoteSwiftPackageReference;
			repositoryURL = "https://github.com/Alamofire/Alamofire.git";
			requirement = {
				kind = upToNextMajorVersion;
				minimumVersion = 5.10.2;
			};
		};
		4E52FB702E89124F00EB3EBB /* XCRemoteSwiftPackageReference "XMLCoder" */ = {
			isa = XCRemoteSwiftPackageReference;
			repositoryURL = "https://github.com/CoreOffice/XMLCoder";
			requirement = {
				kind = upToNextMajorVersion;
				minimumVersion = 0.17.1;
			};
		};
		4E52FB732E89126700EB3EBB /* XCRemoteSwiftPackageReference "SnapKit" */ = {
			isa = XCRemoteSwiftPackageReference;
			repositoryURL = "https://github.com/SnapKit/SnapKit";
			requirement = {
				kind = upToNextMajorVersion;
				minimumVersion = 5.7.1;
			};
		};
		4E52FB762E8912CA00EB3EBB /* XCRemoteSwiftPackageReference "Kingfisher" */ = {
			isa = XCRemoteSwiftPackageReference;
			repositoryURL = "https://github.com/onevcat/Kingfisher.git";
			requirement = {
				kind = upToNextMajorVersion;
				minimumVersion = 8.5.0;
			};
		};
		4EF7EB5D2E913F2400B5E5B6 /* XCRemoteSwiftPackageReference "realm-swift" */ = {
			isa = XCRemoteSwiftPackageReference;
			repositoryURL = "https://github.com/realm/realm-swift.git";
			requirement = {
				kind = exactVersion;
				version = 20.0.3;
			};
		};
/* End XCRemoteSwiftPackageReference section */

/* Begin XCSwiftPackageProductDependency section */
		4E52FB692E8911C000EB3EBB /* RxCocoa */ = {
			isa = XCSwiftPackageProductDependency;
			package = 4E52FB682E8911C000EB3EBB /* XCRemoteSwiftPackageReference "RxSwift" */;
			productName = RxCocoa;
		};
		4E52FB6B2E8911C000EB3EBB /* RxSwift */ = {
			isa = XCSwiftPackageProductDependency;
			package = 4E52FB682E8911C000EB3EBB /* XCRemoteSwiftPackageReference "RxSwift" */;
			productName = RxSwift;
		};
		4E52FB6E2E89123E00EB3EBB /* Alamofire */ = {
			isa = XCSwiftPackageProductDependency;
			package = 4E52FB6D2E89123E00EB3EBB /* XCRemoteSwiftPackageReference "Alamofire" */;
			productName = Alamofire;
		};
		4E52FB712E89124F00EB3EBB /* XMLCoder */ = {
			isa = XCSwiftPackageProductDependency;
			package = 4E52FB702E89124F00EB3EBB /* XCRemoteSwiftPackageReference "XMLCoder" */;
			productName = XMLCoder;
		};
		4E52FB742E89126700EB3EBB /* SnapKit */ = {
			isa = XCSwiftPackageProductDependency;
			package = 4E52FB732E89126700EB3EBB /* XCRemoteSwiftPackageReference "SnapKit" */;
			productName = SnapKit;
		};
		4E52FB772E8912CA00EB3EBB /* Kingfisher */ = {
			isa = XCSwiftPackageProductDependency;
			package = 4E52FB762E8912CA00EB3EBB /* XCRemoteSwiftPackageReference "Kingfisher" */;
			productName = Kingfisher;
		};
		4E52FE532E8ADC7800EB3EBB /* Wisp */ = {
			isa = XCSwiftPackageProductDependency;
			productName = Wisp;
		};
		4EF7EB5E2E913F2400B5E5B6 /* RealmSwift */ = {
			isa = XCSwiftPackageProductDependency;
			package = 4EF7EB5D2E913F2400B5E5B6 /* XCRemoteSwiftPackageReference "realm-swift" */;
			productName = RealmSwift;
		};
/* End XCSwiftPackageProductDependency section */
	};
	rootObject = 4E52FA822E890BEF00EB3EBB /* Project object */;
}
